
Microsoft Visual Studio Solution File, Format Version 12.00
# Visual Studio Version 16
VisualStudioVersion = 16.0.30611.23
MinimumVisualStudioVersion = 10.0.40219.1
Project("{FAE04EC0-301F-11D3-BF4B-00C04F79EFBC}") = "FewerNotes", "FewerNotes.csproj", "{21E672D9-6757-44C1-B0FF-9C7CDF5F537D}"
EndProject
Global
	GlobalSection(SolutionConfigurationPlatforms) = preSolution
		Debug|Any CPU = Debug|Any CPU
		Release|Any CPU = Release|Any CPU
	EndGlobalSection
	GlobalSection(ProjectConfigurationPlatforms) = postSolution
		{21E672D9-6757-44C1-B0FF-9C7CDF5F537D}.Debug|Any CPU.ActiveCfg = Debug|Any CPU
		{21E672D9-6757-44C1-B0FF-9C7CDF5F537D}.Debug|Any CPU.Build.0 = Debug|Any CPU
		{21E672D9-6757-44C1-B0FF-9C7CDF5F537D}.Release|Any CPU.ActiveCfg = Release|Any CPU
		{21E672D9-6757-44C1-B0FF-9C7CDF5F537D}.Release|Any CPU.Build.0 = Release|Any CPU
	EndGlobalSection
	GlobalSection(SolutionProperties) = preSolution
		HideSolutionNode = FALSE
	EndGlobalSection
	GlobalSection(ExtensibilityGlobals) = postSolution
		SolutionGuid = {02FCF176-5CA9-4111-BD9A-99DB5356D230}
	EndGlobalSection
EndGlobal
